
Microsoft Visual Studio Solution File, Format Version 12.00
# Visual Studio Version 16
VisualStudioVersion = 16.0.30503.244
MinimumVisualStudioVersion = 10.0.40219.1
Project("{FAE04EC0-301F-11D3-BF4B-00C04F79EFBC}") = "part 6 - loops", "part 6 - loops\part 6 - loops.csproj", "{2873F436-55B0-4678-ADF6-BF9B28AA23F4}"
EndProject
Global
	GlobalSection(SolutionConfigurationPlatforms) = preSolution
		Debug|Any CPU = Debug|Any CPU
		Release|Any CPU = Release|Any CPU
	EndGlobalSection
	GlobalSection(ProjectConfigurationPlatforms) = postSolution
		{2873F436-55B0-4678-ADF6-BF9B28AA23F4}.Debug|Any CPU.ActiveCfg = Debug|Any CPU
		{2873F436-55B0-4678-ADF6-BF9B28AA23F4}.Debug|Any CPU.Build.0 = Debug|Any CPU
		{2873F436-55B0-4678-ADF6-BF9B28AA23F4}.Release|Any CPU.ActiveCfg = Release|Any CPU
		{2873F436-55B0-4678-ADF6-BF9B28AA23F4}.Release|Any CPU.Build.0 = Release|Any CPU
	EndGlobalSection
	GlobalSection(SolutionProperties) = preSolution
		HideSolutionNode = FALSE
	EndGlobalSection
	GlobalSection(ExtensibilityGlobals) = postSolution
		SolutionGuid = {7D028C86-157F-4782-A283-98BA67A606E6}
	EndGlobalSection
EndGlobal
